
Microsoft Visual Studio Solution File, Format Version 12.00
# Visual Studio 2012
Project("{FAE04EC0-301F-11D3-BF4B-00C04F79EFBC}") = "DC.Data", "DC.Data\DC.Data.csproj", "{4C3AD974-E09E-4DEF-8C70-271D50FB6EF1}"
EndProject
Project("{FAE04EC0-301F-11D3-BF4B-00C04F79EFBC}") = "DC.Model", "DC.Model\DC.Model.csproj", "{62E54E85-E126-4973-BC4D-00AEB9E07256}"
EndProject
Project("{FAE04EC0-301F-11D3-BF4B-00C04F79EFBC}") = "DC.Web", "DC.Web\DC.Web.csproj", "{AF5A5D2C-2A90-4126-9559-E482198248E2}"
EndProject
Project("{2150E333-8FDC-42A3-9474-1A3956D46DE8}") = "02 - DC.Data", "02 - DC.Data", "{71417E33-711A-4E2C-8342-B8F2280571E6}"
EndProject
Project("{2150E333-8FDC-42A3-9474-1A3956D46DE8}") = "01 - DC.Model", "01 - DC.Model", "{FFE1D616-1639-431D-8773-327B1760142A}"
EndProject
Project("{2150E333-8FDC-42A3-9474-1A3956D46DE8}") = "03 - DC.Web", "03 - DC.Web", "{2EB748D3-6785-447F-9ECB-EB913353E46E}"
EndProject
Global
	GlobalSection(SolutionConfigurationPlatforms) = preSolution
		Debug|Any CPU = Debug|Any CPU
		Release|Any CPU = Release|Any CPU
	EndGlobalSection
	GlobalSection(ProjectConfigurationPlatforms) = postSolution
		{4C3AD974-E09E-4DEF-8C70-271D50FB6EF1}.Debug|Any CPU.ActiveCfg = Debug|Any CPU
		{4C3AD974-E09E-4DEF-8C70-271D50FB6EF1}.Debug|Any CPU.Build.0 = Debug|Any CPU
		{4C3AD974-E09E-4DEF-8C70-271D50FB6EF1}.Release|Any CPU.ActiveCfg = Release|Any CPU
		{4C3AD974-E09E-4DEF-8C70-271D50FB6EF1}.Release|Any CPU.Build.0 = Release|Any CPU
		{62E54E85-E126-4973-BC4D-00AEB9E07256}.Debug|Any CPU.ActiveCfg = Debug|Any CPU
		{62E54E85-E126-4973-BC4D-00AEB9E07256}.Debug|Any CPU.Build.0 = Debug|Any CPU
		{62E54E85-E126-4973-BC4D-00AEB9E07256}.Release|Any CPU.ActiveCfg = Release|Any CPU
		{62E54E85-E126-4973-BC4D-00AEB9E07256}.Release|Any CPU.Build.0 = Release|Any CPU
		{AF5A5D2C-2A90-4126-9559-E482198248E2}.Debug|Any CPU.ActiveCfg = Debug|Any CPU
		{AF5A5D2C-2A90-4126-9559-E482198248E2}.Debug|Any CPU.Build.0 = Debug|Any CPU
		{AF5A5D2C-2A90-4126-9559-E482198248E2}.Release|Any CPU.ActiveCfg = Release|Any CPU
		{AF5A5D2C-2A90-4126-9559-E482198248E2}.Release|Any CPU.Build.0 = Release|Any CPU
	EndGlobalSection
	GlobalSection(SolutionProperties) = preSolution
		HideSolutionNode = FALSE
	EndGlobalSection
	GlobalSection(NestedProjects) = preSolution
		{4C3AD974-E09E-4DEF-8C70-271D50FB6EF1} = {71417E33-711A-4E2C-8342-B8F2280571E6}
		{62E54E85-E126-4973-BC4D-00AEB9E07256} = {FFE1D616-1639-431D-8773-327B1760142A}
		{AF5A5D2C-2A90-4126-9559-E482198248E2} = {2EB748D3-6785-447F-9ECB-EB913353E46E}
	EndGlobalSection
EndGlobal
