
Microsoft Visual Studio Solution File, Format Version 12.00
# Visual Studio 2012
Project("{FAE04EC0-301F-11D3-BF4B-00C04F79EFBC}") = "DC.Domain", "DivingCompetition.Domain\DC.Domain.csproj", "{388FE207-C6FD-43B3-85BE-0C0444FCDCFD}"
EndProject
Project("{2150E333-8FDC-42A3-9474-1A3956D46DE8}") = "02 - Domain", "02 - Domain", "{0C126E76-94E3-461A-B9FE-3BFBADE7336C}"
EndProject
Project("{2150E333-8FDC-42A3-9474-1A3956D46DE8}") = "03 - Application", "03 - Application", "{0C23849C-3848-430E-974F-21B6B39C2D0E}"
EndProject
Project("{2150E333-8FDC-42A3-9474-1A3956D46DE8}") = "04 - Web", "04 - Web", "{AABAD3C6-E903-4659-8ED1-B0428D8BAE2F}"
EndProject
Project("{FAE04EC0-301F-11D3-BF4B-00C04F79EFBC}") = "DC.Domain.Impl", "DivingCompetition.Domain.Impl\DC.Domain.Impl.csproj", "{1DEF8D19-E556-4423-96CC-835E2FCFA74F}"
EndProject
Project("{FAE04EC0-301F-11D3-BF4B-00C04F79EFBC}") = "DC.Application", "DC.Application\DC.Application.csproj", "{B96E92BA-35E8-45AC-B97B-889F7709A5CB}"
EndProject
Project("{2150E333-8FDC-42A3-9474-1A3956D46DE8}") = "01 - InfraStructure", "01 - InfraStructure", "{DE582BDB-B19A-442B-903E-D91CEEB29FE5}"
EndProject
Project("{FAE04EC0-301F-11D3-BF4B-00C04F79EFBC}") = "Common.Core", "Common.Core\Common.Core.csproj", "{129A6DA0-FB9C-466B-8CDB-6345A62304A1}"
EndProject
Project("{FAE04EC0-301F-11D3-BF4B-00C04F79EFBC}") = "DC.Web", "DCWeb\DC.Web.csproj", "{AFBED010-1F34-4976-A502-C7F2BD17F009}"
EndProject
Global
	GlobalSection(SolutionConfigurationPlatforms) = preSolution
		Debug|Any CPU = Debug|Any CPU
		Release|Any CPU = Release|Any CPU
	EndGlobalSection
	GlobalSection(ProjectConfigurationPlatforms) = postSolution
		{388FE207-C6FD-43B3-85BE-0C0444FCDCFD}.Debug|Any CPU.ActiveCfg = Debug|Any CPU
		{388FE207-C6FD-43B3-85BE-0C0444FCDCFD}.Debug|Any CPU.Build.0 = Debug|Any CPU
		{388FE207-C6FD-43B3-85BE-0C0444FCDCFD}.Release|Any CPU.ActiveCfg = Release|Any CPU
		{388FE207-C6FD-43B3-85BE-0C0444FCDCFD}.Release|Any CPU.Build.0 = Release|Any CPU
		{1DEF8D19-E556-4423-96CC-835E2FCFA74F}.Debug|Any CPU.ActiveCfg = Debug|Any CPU
		{1DEF8D19-E556-4423-96CC-835E2FCFA74F}.Debug|Any CPU.Build.0 = Debug|Any CPU
		{1DEF8D19-E556-4423-96CC-835E2FCFA74F}.Release|Any CPU.ActiveCfg = Release|Any CPU
		{1DEF8D19-E556-4423-96CC-835E2FCFA74F}.Release|Any CPU.Build.0 = Release|Any CPU
		{B96E92BA-35E8-45AC-B97B-889F7709A5CB}.Debug|Any CPU.ActiveCfg = Debug|Any CPU
		{B96E92BA-35E8-45AC-B97B-889F7709A5CB}.Debug|Any CPU.Build.0 = Debug|Any CPU
		{B96E92BA-35E8-45AC-B97B-889F7709A5CB}.Release|Any CPU.ActiveCfg = Release|Any CPU
		{B96E92BA-35E8-45AC-B97B-889F7709A5CB}.Release|Any CPU.Build.0 = Release|Any CPU
		{129A6DA0-FB9C-466B-8CDB-6345A62304A1}.Debug|Any CPU.ActiveCfg = Debug|Any CPU
		{129A6DA0-FB9C-466B-8CDB-6345A62304A1}.Debug|Any CPU.Build.0 = Debug|Any CPU
		{129A6DA0-FB9C-466B-8CDB-6345A62304A1}.Release|Any CPU.ActiveCfg = Release|Any CPU
		{129A6DA0-FB9C-466B-8CDB-6345A62304A1}.Release|Any CPU.Build.0 = Release|Any CPU
		{AFBED010-1F34-4976-A502-C7F2BD17F009}.Debug|Any CPU.ActiveCfg = Debug|Any CPU
		{AFBED010-1F34-4976-A502-C7F2BD17F009}.Debug|Any CPU.Build.0 = Debug|Any CPU
		{AFBED010-1F34-4976-A502-C7F2BD17F009}.Release|Any CPU.ActiveCfg = Release|Any CPU
		{AFBED010-1F34-4976-A502-C7F2BD17F009}.Release|Any CPU.Build.0 = Release|Any CPU
	EndGlobalSection
	GlobalSection(SolutionProperties) = preSolution
		HideSolutionNode = FALSE
	EndGlobalSection
	GlobalSection(NestedProjects) = preSolution
		{AFBED010-1F34-4976-A502-C7F2BD17F009} = {AABAD3C6-E903-4659-8ED1-B0428D8BAE2F}
		{388FE207-C6FD-43B3-85BE-0C0444FCDCFD} = {0C126E76-94E3-461A-B9FE-3BFBADE7336C}
		{1DEF8D19-E556-4423-96CC-835E2FCFA74F} = {0C126E76-94E3-461A-B9FE-3BFBADE7336C}
		{B96E92BA-35E8-45AC-B97B-889F7709A5CB} = {0C23849C-3848-430E-974F-21B6B39C2D0E}
		{129A6DA0-FB9C-466B-8CDB-6345A62304A1} = {DE582BDB-B19A-442B-903E-D91CEEB29FE5}
	EndGlobalSection
EndGlobal
